
Microsoft Visual Studio Solution File, Format Version 12.00
# Visual Studio Version 16
VisualStudioVersion = 16.0.30517.126
MinimumVisualStudioVersion = 10.0.40219.1
Project("{FAE04EC0-301F-11D3-BF4B-00C04F79EFBC}") = "kameraKontrolSistemi", "kameraKontrolSistemi\kameraKontrolSistemi.csproj", "{965812E6-1D93-4E30-A39B-9BB5607F7D10}"
EndProject
Global
	GlobalSection(SolutionConfigurationPlatforms) = preSolution
		Debug|Any CPU = Debug|Any CPU
		Release|Any CPU = Release|Any CPU
	EndGlobalSection
	GlobalSection(ProjectConfigurationPlatforms) = postSolution
		{965812E6-1D93-4E30-A39B-9BB5607F7D10}.Debug|Any CPU.ActiveCfg = Debug|Any CPU
		{965812E6-1D93-4E30-A39B-9BB5607F7D10}.Debug|Any CPU.Build.0 = Debug|Any CPU
		{965812E6-1D93-4E30-A39B-9BB5607F7D10}.Release|Any CPU.ActiveCfg = Release|Any CPU
		{965812E6-1D93-4E30-A39B-9BB5607F7D10}.Release|Any CPU.Build.0 = Release|Any CPU
	EndGlobalSection
	GlobalSection(SolutionProperties) = preSolution
		HideSolutionNode = FALSE
	EndGlobalSection
	GlobalSection(ExtensibilityGlobals) = postSolution
		SolutionGuid = {FEACF844-58FC-4DE3-88F9-49CA3A402A61}
	EndGlobalSection
EndGlobal
